
Microsoft Visual Studio Solution File, Format Version 12.00
# Visual Studio 15
VisualStudioVersion = 15.0.27130.2003
MinimumVisualStudioVersion = 10.0.40219.1
Project("{FAE04EC0-301F-11D3-BF4B-00C04F79EFBC}") = "SRM.App", "App\SRM.App\SRM.App.csproj", "{948E77A4-3F9A-4922-AA31-6C297184C97C}"
EndProject
Project("{2150E333-8FDC-42A3-9474-1A3956D46DE8}") = "App", "App", "{76F45ED0-9995-4BC9-A347-7C01D604DEEA}"
EndProject
Project("{2150E333-8FDC-42A3-9474-1A3956D46DE8}") = "Domain", "Domain", "{51DF5667-9258-4EB7-8032-9F8C6558AF64}"
EndProject
Project("{FAE04EC0-301F-11D3-BF4B-00C04F79EFBC}") = "SRM.Domain", "Domain\SRM.Domain\SRM.Domain.csproj", "{2DECF679-1AE2-43B9-B52F-EDF8924C1E92}"
EndProject
Project("{2150E333-8FDC-42A3-9474-1A3956D46DE8}") = "Application", "Application", "{E295C5E3-F64F-4F01-8E22-6DE1F2249670}"
EndProject
Project("{FAE04EC0-301F-11D3-BF4B-00C04F79EFBC}") = "SRM.Application", "Application\SRM.Application\SRM.Application.csproj", "{352653C1-3F18-4084-B5AE-A492BE461B66}"
EndProject
Project("{2150E333-8FDC-42A3-9474-1A3956D46DE8}") = "Infra", "Infra", "{9A4C1A07-9A81-45AF-BA75-007E5F67BA09}"
EndProject
Project("{FAE04EC0-301F-11D3-BF4B-00C04F79EFBC}") = "SRM.Ioc", "Infra\SRM.Ioc\SRM.Ioc.csproj", "{1EE7DB52-D9B0-424E-8F60-8DA59B79279C}"
EndProject
Project("{FAE04EC0-301F-11D3-BF4B-00C04F79EFBC}") = "SRM.Repository", "Infra\SRM.Repository\SRM.Repository.csproj", "{94E10C32-8956-494B-B3BA-C38141CE6D22}"
EndProject
Global
	GlobalSection(SolutionConfigurationPlatforms) = preSolution
		Debug|Any CPU = Debug|Any CPU
		Release|Any CPU = Release|Any CPU
	EndGlobalSection
	GlobalSection(ProjectConfigurationPlatforms) = postSolution
		{948E77A4-3F9A-4922-AA31-6C297184C97C}.Debug|Any CPU.ActiveCfg = Debug|Any CPU
		{948E77A4-3F9A-4922-AA31-6C297184C97C}.Debug|Any CPU.Build.0 = Debug|Any CPU
		{948E77A4-3F9A-4922-AA31-6C297184C97C}.Release|Any CPU.ActiveCfg = Release|Any CPU
		{948E77A4-3F9A-4922-AA31-6C297184C97C}.Release|Any CPU.Build.0 = Release|Any CPU
		{2DECF679-1AE2-43B9-B52F-EDF8924C1E92}.Debug|Any CPU.ActiveCfg = Debug|Any CPU
		{2DECF679-1AE2-43B9-B52F-EDF8924C1E92}.Debug|Any CPU.Build.0 = Debug|Any CPU
		{2DECF679-1AE2-43B9-B52F-EDF8924C1E92}.Release|Any CPU.ActiveCfg = Release|Any CPU
		{2DECF679-1AE2-43B9-B52F-EDF8924C1E92}.Release|Any CPU.Build.0 = Release|Any CPU
		{352653C1-3F18-4084-B5AE-A492BE461B66}.Debug|Any CPU.ActiveCfg = Debug|Any CPU
		{352653C1-3F18-4084-B5AE-A492BE461B66}.Debug|Any CPU.Build.0 = Debug|Any CPU
		{352653C1-3F18-4084-B5AE-A492BE461B66}.Release|Any CPU.ActiveCfg = Release|Any CPU
		{352653C1-3F18-4084-B5AE-A492BE461B66}.Release|Any CPU.Build.0 = Release|Any CPU
		{1EE7DB52-D9B0-424E-8F60-8DA59B79279C}.Debug|Any CPU.ActiveCfg = Debug|Any CPU
		{1EE7DB52-D9B0-424E-8F60-8DA59B79279C}.Debug|Any CPU.Build.0 = Debug|Any CPU
		{1EE7DB52-D9B0-424E-8F60-8DA59B79279C}.Release|Any CPU.ActiveCfg = Release|Any CPU
		{1EE7DB52-D9B0-424E-8F60-8DA59B79279C}.Release|Any CPU.Build.0 = Release|Any CPU
		{94E10C32-8956-494B-B3BA-C38141CE6D22}.Debug|Any CPU.ActiveCfg = Debug|Any CPU
		{94E10C32-8956-494B-B3BA-C38141CE6D22}.Debug|Any CPU.Build.0 = Debug|Any CPU
		{94E10C32-8956-494B-B3BA-C38141CE6D22}.Release|Any CPU.ActiveCfg = Release|Any CPU
		{94E10C32-8956-494B-B3BA-C38141CE6D22}.Release|Any CPU.Build.0 = Release|Any CPU
	EndGlobalSection
	GlobalSection(SolutionProperties) = preSolution
		HideSolutionNode = FALSE
	EndGlobalSection
	GlobalSection(NestedProjects) = preSolution
		{948E77A4-3F9A-4922-AA31-6C297184C97C} = {76F45ED0-9995-4BC9-A347-7C01D604DEEA}
		{2DECF679-1AE2-43B9-B52F-EDF8924C1E92} = {51DF5667-9258-4EB7-8032-9F8C6558AF64}
		{352653C1-3F18-4084-B5AE-A492BE461B66} = {E295C5E3-F64F-4F01-8E22-6DE1F2249670}
		{1EE7DB52-D9B0-424E-8F60-8DA59B79279C} = {9A4C1A07-9A81-45AF-BA75-007E5F67BA09}
		{94E10C32-8956-494B-B3BA-C38141CE6D22} = {9A4C1A07-9A81-45AF-BA75-007E5F67BA09}
	EndGlobalSection
	GlobalSection(ExtensibilityGlobals) = postSolution
		SolutionGuid = {85263D91-CC2A-4056-B683-93DFB6303C0C}
	EndGlobalSection
EndGlobal
